
Microsoft Visual Studio Solution File, Format Version 12.00
# Visual Studio Version 17
VisualStudioVersion = 17.3.32804.467
MinimumVisualStudioVersion = 10.0.40219.1
Project("{8BC9CEB8-8B4A-11D0-8D11-00A0C91BC942}") = "Assignment 2 - ADTs", "Assignment 2 - ADTs.vcxproj", "{7F17B4FB-C199-4762-8DAB-6E97E2DA0E30}"
EndProject
Global
	GlobalSection(SolutionConfigurationPlatforms) = preSolution
		Debug|x64 = Debug|x64
		Debug|x86 = Debug|x86
		Release|x64 = Release|x64
		Release|x86 = Release|x86
	EndGlobalSection
	GlobalSection(ProjectConfigurationPlatforms) = postSolution
		{7F17B4FB-C199-4762-8DAB-6E97E2DA0E30}.Debug|x64.ActiveCfg = Debug|x64
		{7F17B4FB-C199-4762-8DAB-6E97E2DA0E30}.Debug|x64.Build.0 = Debug|x64
		{7F17B4FB-C199-4762-8DAB-6E97E2DA0E30}.Debug|x86.ActiveCfg = Debug|Win32
		{7F17B4FB-C199-4762-8DAB-6E97E2DA0E30}.Debug|x86.Build.0 = Debug|Win32
		{7F17B4FB-C199-4762-8DAB-6E97E2DA0E30}.Release|x64.ActiveCfg = Release|x64
		{7F17B4FB-C199-4762-8DAB-6E97E2DA0E30}.Release|x64.Build.0 = Release|x64
		{7F17B4FB-C199-4762-8DAB-6E97E2DA0E30}.Release|x86.ActiveCfg = Release|Win32
		{7F17B4FB-C199-4762-8DAB-6E97E2DA0E30}.Release|x86.Build.0 = Release|Win32
	EndGlobalSection
	GlobalSection(SolutionProperties) = preSolution
		HideSolutionNode = FALSE
	EndGlobalSection
	GlobalSection(ExtensibilityGlobals) = postSolution
		SolutionGuid = {EB3E35E3-DBF9-4C44-A48F-0A6ED28133C9}
	EndGlobalSection
EndGlobal
